
{
    "_readme": [
        "This file locks the dependencies of your project to a known state",
        "Read more about it at https://getcomposer.org/doc/01-basic-usage.md#composer-lock-the-lock-file",
        "This file is @generated automatically"
    ],
    "content-hash": "ab2dac1e4b8d91d81b2295ca726e9499",
    "packages": [
        {
            "name": "tightenco/collect",
            "version": "v5.5.27",
            "source": {
                "type": "git",
                "url": "https://github.com/tightenco/collect.git",
                "reference": "07d58f7f663d5033a08541f9c481d33ad3f514a5"
            },
            "dist": {
                "type": "zip",
                "url": "https://api.github.com/repos/tightenco/collect/zipball/07d58f7f663d5033a08541f9c481d33ad3f514a5",
                "reference": "07d58f7f663d5033a08541f9c481d33ad3f514a5",
                "shasum": ""
            }
        }
    ]
}
